
Microsoft Visual Studio Solution File, Format Version 12.00
# Visual Studio Version 17
VisualStudioVersion = 17.3.32922.545
MinimumVisualStudioVersion = 10.0.40219.1
Project("{FAE04EC0-301F-11D3-BF4B-00C04F79EFBC}") = "WebApplication1", "WebApplication1\WebApplication1.csproj", "{E16CB209-066A-4403-B0BE-A04D3B591561}"
EndProject
Global
	GlobalSection(SolutionConfigurationPlatforms) = preSolution
		Debug|Any CPU = Debug|Any CPU
		Release|Any CPU = Release|Any CPU
	EndGlobalSection
	GlobalSection(ProjectConfigurationPlatforms) = postSolution
		{E16CB209-066A-4403-B0BE-A04D3B591561}.Debug|Any CPU.ActiveCfg = Debug|Any CPU
		{E16CB209-066A-4403-B0BE-A04D3B591561}.Debug|Any CPU.Build.0 = Debug|Any CPU
		{E16CB209-066A-4403-B0BE-A04D3B591561}.Release|Any CPU.ActiveCfg = Release|Any CPU
		{E16CB209-066A-4403-B0BE-A04D3B591561}.Release|Any CPU.Build.0 = Release|Any CPU
	EndGlobalSection
	GlobalSection(SolutionProperties) = preSolution
		HideSolutionNode = FALSE
	EndGlobalSection
	GlobalSection(ExtensibilityGlobals) = postSolution
		SolutionGuid = {D6D62939-D5A2-4642-80D9-634830F5ABE3}
	EndGlobalSection
EndGlobal
